// !$*UTF8*$!
{
	archiveVersion = 1;
	classes = {
	};
	objectVersion = 77;
	objects = {

/* Begin PBXBuildFile section */
		170239AFA9E698528CDEEA41 /* UIKit.framework in Frameworks */ = {isa = PBXBuildFile; fileRef = EADD9B981D81A9C9CF871989 /* UIKit.framework */; };
		307C2654CD5972A25FB7FD87 /* iOSApp.swift in Sources */ = {isa = PBXBuildFile; fileRef = 668CECA83ACC03A83C85A623 /* iOSApp.swift */; };
		4DC93C55BD8E0153B9E8E6A7 /* NoticeAndBackupUITests.swift in Sources */ = {isa = PBXBuildFile; fileRef = 10E7A7A7C3067F1B1D50ABE5 /* NoticeAndBackupUITests.swift */; };
		56B0305B5D3847FC6B326502 /* ContentView.swift in Sources */ = {isa = PBXBuildFile; fileRef = CE8509E5A49E4A5CAAEB3ADB /* ContentView.swift */; };
/* End PBXBuildFile section */

/* Begin PBXContainerItemProxy section */
		AF7B34C8ADC44424B579AC0A /* PBXContainerItemProxy */ = {
			isa = PBXContainerItemProxy;
			containerPortal = 242FB5348943441C388468CE /* Project object */;
			proxyType = 1;
			remoteGlobalIDString = 78B53CC79860CBFC2F5543C6;
			remoteInfo = iosApp;
		};
/* End PBXContainerItemProxy section */

/* Begin PBXFileReference section */
		10E7A7A7C3067F1B1D50ABE5 /* NoticeAndBackupUITests.swift */ = {isa = PBXFileReference; lastKnownFileType = sourcecode.swift; path = NoticeAndBackupUITests.swift; sourceTree = "<group>"; };
		323906AFB18147ABEDEBDB38 /* iosAppUITests.xctest */ = {isa = PBXFileReference; includeInIndex = 0; lastKnownFileType = wrapper.cfbundle; path = iosAppUITests.xctest; sourceTree = BUILT_PRODUCTS_DIR; };
		668CECA83ACC03A83C85A623 /* iOSApp.swift */ = {isa = PBXFileReference; lastKnownFileType = sourcecode.swift; path = iOSApp.swift; sourceTree = "<group>"; };
		86038AE1032E284E79B32AD6 /* iosApp.app */ = {isa = PBXFileReference; includeInIndex = 0; lastKnownFileType = wrapper.application; path = iosApp.app; sourceTree = BUILT_PRODUCTS_DIR; };
		C117AD187833E2513BD2F553 /* Info.plist */ = {isa = PBXFileReference; lastKnownFileType = text.plist; path = Info.plist; sourceTree = "<group>"; };
		CE8509E5A49E4A5CAAEB3ADB /* ContentView.swift */ = {isa = PBXFileReference; lastKnownFileType = sourcecode.swift; path = ContentView.swift; sourceTree = "<group>"; };
		EADD9B981D81A9C9CF871989 /* UIKit.framework */ = {isa = PBXFileReference; lastKnownFileType = wrapper.framework; name = UIKit.framework; path = System/Library/Frameworks/UIKit.framework; sourceTree = SDKROOT; };
/* End PBXFileReference section */

/* Begin PBXFrameworksBuildPhase section */
		EF8A6E9BFD470986D9D5C9B5 /* Frameworks */ = {
			isa = PBXFrameworksBuildPhase;
			buildActionMask = 2147483647;
			files = (
				170239AFA9E698528CDEEA41 /* UIKit.framework in Frameworks */,
			);
			runOnlyForDeploymentPostprocessing = 0;
		};
/* End PBXFrameworksBuildPhase section */

/* Begin PBXGroup section */
		1DB4B685CAEE8BEFEBBAEF94 /* iosApp */ = {
			isa = PBXGroup;
			children = (
				CE8509E5A49E4A5CAAEB3ADB /* ContentView.swift */,
				C117AD187833E2513BD2F553 /* Info.plist */,
				668CECA83ACC03A83C85A623 /* iOSApp.swift */,
			);
			path = iosApp;
			sourceTree = "<group>";
		};
		3666012298E772D226418813 /* Frameworks */ = {
			isa = PBXGroup;
			children = (
				EADD9B981D81A9C9CF871989 /* UIKit.framework */,
			);
			name = Frameworks;
			sourceTree = "<group>";
		};
		38B69C3F79CD97858CF7B609 = {
			isa = PBXGroup;
			children = (
				1DB4B685CAEE8BEFEBBAEF94 /* iosApp */,
				FC16215C5E8EEAF655CB992F /* iosAppUITests */,
				3666012298E772D226418813 /* Frameworks */,
				94C98B8B3A2BFC1966447269 /* Products */,
			);
			sourceTree = "<group>";
		};
		94C98B8B3A2BFC1966447269 /* Products */ = {
			isa = PBXGroup;
			children = (
				86038AE1032E284E79B32AD6 /* iosApp.app */,
				323906AFB18147ABEDEBDB38 /* iosAppUITests.xctest */,
			);
			name = Products;
			sourceTree = "<group>";
		};
		FC16215C5E8EEAF655CB992F /* iosAppUITests */ = {
			isa = PBXGroup;
			children = (
				10E7A7A7C3067F1B1D50ABE5 /* NoticeAndBackupUITests.swift */,
			);
			path = iosAppUITests;
			sourceTree = "<group>";
		};
/* End PBXGroup section */

/* Begin PBXNativeTarget section */
		78B53CC79860CBFC2F5543C6 /* iosApp */ = {
			isa = PBXNativeTarget;
			buildConfigurationList = 29DCA9F0B3A40325067EB163 /* Build configuration list for PBXNativeTarget "iosApp" */;
			buildPhases = (
				DBA1DCFAF952F908D380FA0F /* Build Shared Kotlin Framework */,
				297B59D9CE634556D6007C40 /* Sources */,
				EF8A6E9BFD470986D9D5C9B5 /* Frameworks */,
			);
			buildRules = (
			);
			dependencies = (
			);
			name = iosApp;
			packageProductDependencies = (
			);
			productName = iosApp;
			productReference = 86038AE1032E284E79B32AD6 /* iosApp.app */;
			productType = "com.apple.product-type.application";
		};
		C6FCE5742C7A4D59A165E213 /* iosAppUITests */ = {
			isa = PBXNativeTarget;
			buildConfigurationList = 23A9D56B778ED352702A9EC4 /* Build configuration list for PBXNativeTarget "iosAppUITests" */;
			buildPhases = (
				230C1ACAE727061B7F5FBD3D /* Sources */,
			);
			buildRules = (
			);
			dependencies = (
				1155A4D5B3A0F847BB943AC1 /* PBXTargetDependency */,
			);
			name = iosAppUITests;
			packageProductDependencies = (
			);
			productName = iosAppUITests;
			productReference = 323906AFB18147ABEDEBDB38 /* iosAppUITests.xctest */;
			productType = "com.apple.product-type.bundle.ui-testing";
		};
/* End PBXNativeTarget section */

/* Begin PBXProject section */
		242FB5348943441C388468CE /* Project object */ = {
			isa = PBXProject;
			attributes = {
				BuildIndependentTargetsInParallel = YES;
				LastUpgradeCheck = 1430;
				TargetAttributes = {
					C6FCE5742C7A4D59A165E213 = {
						TestTargetID = 78B53CC79860CBFC2F5543C6;
					};
				};
			};
			buildConfigurationList = FF7CA1CA754D017066F1822F /* Build configuration list for PBXProject "iosApp" */;
			developmentRegion = en;
			hasScannedForEncodings = 0;
			knownRegions = (
				Base,
				en,
			);
			mainGroup = 38B69C3F79CD97858CF7B609;
			minimizedProjectReferenceProxies = 1;
			preferredProjectObjectVersion = 77;
			productRefGroup = 94C98B8B3A2BFC1966447269 /* Products */;
			projectDirPath = "";
			projectRoot = "";
			targets = (
				78B53CC79860CBFC2F5543C6 /* iosApp */,
				C6FCE5742C7A4D59A165E213 /* iosAppUITests */,
			);
		};
/* End PBXProject section */

/* Begin PBXShellScriptBuildPhase section */
		DBA1DCFAF952F908D380FA0F /* Build Shared Kotlin Framework */ = {
			isa = PBXShellScriptBuildPhase;
			alwaysOutOfDate = 1;
			buildActionMask = 2147483647;
			files = (
			);
			inputFileListPaths = (
			);
			inputPaths = (
			);
			name = "Build Shared Kotlin Framework";
			outputFileListPaths = (
			);
			outputPaths = (
			);
			runOnlyForDeploymentPostprocessing = 0;
			shellPath = /bin/sh;
			shellScript = "cd \"$SRCROOT/..\"\n./gradlew :shared:embedAndSignAppleFrameworkForXcode\n";
		};
/* End PBXShellScriptBuildPhase section */

/* Begin PBXSourcesBuildPhase section */
		230C1ACAE727061B7F5FBD3D /* Sources */ = {
			isa = PBXSourcesBuildPhase;
			buildActionMask = 2147483647;
			files = (
				4DC93C55BD8E0153B9E8E6A7 /* NoticeAndBackupUITests.swift in Sources */,
			);
			runOnlyForDeploymentPostprocessing = 0;
		};
		297B59D9CE634556D6007C40 /* Sources */ = {
			isa = PBXSourcesBuildPhase;
			buildActionMask = 2147483647;
			files = (
				56B0305B5D3847FC6B326502 /* ContentView.swift in Sources */,
				307C2654CD5972A25FB7FD87 /* iOSApp.swift in Sources */,
			);
			runOnlyForDeploymentPostprocessing = 0;
		};
/* End PBXSourcesBuildPhase section */

/* Begin PBXTargetDependency section */
		1155A4D5B3A0F847BB943AC1 /* PBXTargetDependency */ = {
			isa = PBXTargetDependency;
			target = 78B53CC79860CBFC2F5543C6 /* iosApp */;
			targetProxy = AF7B34C8ADC44424B579AC0A /* PBXContainerItemProxy */;
		};
/* End PBXTargetDependency section */

/* Begin XCBuildConfiguration section */
		11814011E7D6EC822BFBC66D /* Release */ = {
			isa = XCBuildConfiguration;
			buildSettings = {
				ARCHS = arm64;
				IPHONEOS_DEPLOYMENT_TARGET = 15.0;
				SDKROOT = iphoneos;
				SWIFT_VERSION = 5.10;
				TARGETED_DEVICE_FAMILY = "1,2";
			};
			name = Release;
		};
		68B872497F35811E133D4018 /* Release */ = {
			isa = XCBuildConfiguration;
			buildSettings = {
				GENERATE_INFOPLIST_FILE = YES;
				IPHONEOS_DEPLOYMENT_TARGET = 15.0;
				PRODUCT_BUNDLE_IDENTIFIER = me.lovehan1me.iosUITests;
				PRODUCT_NAME = iosAppUITests;
				SDKROOT = iphoneos;
				SWIFT_VERSION = 5.10;
				TARGETED_DEVICE_FAMILY = "1,2";
				TEST_TARGET_NAME = iosApp;
			};
			name = Release;
		};
		6C824A6EB4BAD43AE2A4BB29 /* Debug */ = {
			isa = XCBuildConfiguration;
			buildSettings = {
				ARCHS = arm64;
				IPHONEOS_DEPLOYMENT_TARGET = 15.0;
				SDKROOT = iphoneos;
				SWIFT_VERSION = 5.10;
				TARGETED_DEVICE_FAMILY = "1,2";
			};
			name = Debug;
		};
		87B17B5399C9FFE987AA9050 /* Debug */ = {
			isa = XCBuildConfiguration;
			buildSettings = {
				GENERATE_INFOPLIST_FILE = YES;
				IPHONEOS_DEPLOYMENT_TARGET = 15.0;
				PRODUCT_BUNDLE_IDENTIFIER = me.lovehan1me.iosUITests;
				PRODUCT_NAME = iosAppUITests;
				SDKROOT = iphoneos;
				SWIFT_VERSION = 5.10;
				TARGETED_DEVICE_FAMILY = "1,2";
				TEST_TARGET_NAME = iosApp;
			};
			name = Debug;
		};
		9221A1FDC06803E8A2FC6E61 /* Debug */ = {
			isa = XCBuildConfiguration;
			buildSettings = {
				FRAMEWORK_SEARCH_PATHS = (
					"$(inherited)",
					"$(PROJECT_DIR)/../shared/build/bin",
				);
				INFOPLIST_FILE = iosApp/Info.plist;
				LD_RUNPATH_SEARCH_PATHS = (
					"$(inherited)",
					"@executable_path/Frameworks",
				);
				OTHER_LDFLAGS = "$(inherited) -framework ComposeApp";
				PRODUCT_BUNDLE_IDENTIFIER = me.lovehan1me.ios;
				PRODUCT_NAME = Han1meViewer;
			};
			name = Debug;
		};
		AF835BFF1220CA5AB5B867E4 /* Release */ = {
			isa = XCBuildConfiguration;
			buildSettings = {
				FRAMEWORK_SEARCH_PATHS = (
					"$(inherited)",
					"$(PROJECT_DIR)/../shared/build/bin",
				);
				INFOPLIST_FILE = iosApp/Info.plist;
				LD_RUNPATH_SEARCH_PATHS = (
					"$(inherited)",
					"@executable_path/Frameworks",
				);
				OTHER_LDFLAGS = "$(inherited) -framework ComposeApp";
				PRODUCT_BUNDLE_IDENTIFIER = me.lovehan1me.ios;
				PRODUCT_NAME = Han1meViewer;
			};
			name = Release;
		};
/* End XCBuildConfiguration section */

/* Begin XCConfigurationList section */
		23A9D56B778ED352702A9EC4 /* Build configuration list for PBXNativeTarget "iosAppUITests" */ = {
			isa = XCConfigurationList;
			buildConfigurations = (
				87B17B5399C9FFE987AA9050 /* Debug */,
				68B872497F35811E133D4018 /* Release */,
			);
			defaultConfigurationIsVisible = 0;
			defaultConfigurationName = Debug;
		};
		29DCA9F0B3A40325067EB163 /* Build configuration list for PBXNativeTarget "iosApp" */ = {
			isa = XCConfigurationList;
			buildConfigurations = (
				9221A1FDC06803E8A2FC6E61 /* Debug */,
				AF835BFF1220CA5AB5B867E4 /* Release */,
			);
			defaultConfigurationIsVisible = 0;
			defaultConfigurationName = Debug;
		};
		FF7CA1CA754D017066F1822F /* Build configuration list for PBXProject "iosApp" */ = {
			isa = XCConfigurationList;
			buildConfigurations = (
				6C824A6EB4BAD43AE2A4BB29 /* Debug */,
				11814011E7D6EC822BFBC66D /* Release */,
			);
			defaultConfigurationIsVisible = 0;
			defaultConfigurationName = Debug;
		};
/* End XCConfigurationList section */
	};
	rootObject = 242FB5348943441C388468CE /* Project object */;
}
